// !$*UTF8*$!
{
	archiveVersion = 1;
	classes = {
	};
	objectVersion = 46;
	objects = {

/* Begin PBXBuildFile section */
		7904868B1C95149B000AA27C /* AppDelegate.swift in Sources */ = {isa = PBXBuildFile; fileRef = 7904868A1C95149B000AA27C /* AppDelegate.swift */; };
		7904868D1C95149B000AA27C /* ViewController.swift in Sources */ = {isa = PBXBuildFile; fileRef = 7904868C1C95149B000AA27C /* ViewController.swift */; };
		790486901C95149B000AA27C /* Main.storyboard in Resources */ = {isa = PBXBuildFile; fileRef = 7904868E1C95149B000AA27C /* Main.storyboard */; };
		790486921C95149B000AA27C /* Assets.xcassets in Resources */ = {isa = PBXBuildFile; fileRef = 790486911C95149B000AA27C /* Assets.xcassets */; };
		790486951C95149B000AA27C /* LaunchScreen.storyboard in Resources */ = {isa = PBXBuildFile; fileRef = 790486931C95149B000AA27C /* LaunchScreen.storyboard */; };
		790486A01C95149B000AA27C /* HumHubTests.swift in Sources */ = {isa = PBXBuildFile; fileRef = 7904869F1C95149B000AA27C /* HumHubTests.swift */; };
		790486AB1C95149B000AA27C /* HumHubUITests.swift in Sources */ = {isa = PBXBuildFile; fileRef = 790486AA1C95149B000AA27C /* HumHubUITests.swift */; };
/* End PBXBuildFile section */

/* Begin PBXContainerItemProxy section */
		7904869C1C95149B000AA27C /* PBXContainerItemProxy */ = {
			isa = PBXContainerItemProxy;
			containerPortal = 7904867F1C95149A000AA27C /* Project object */;
			proxyType = 1;
			remoteGlobalIDString = 790486861C95149B000AA27C;
			remoteInfo = HumHub;
		};
		790486A71C95149B000AA27C /* PBXContainerItemProxy */ = {
			isa = PBXContainerItemProxy;
			containerPortal = 7904867F1C95149A000AA27C /* Project object */;
			proxyType = 1;
			remoteGlobalIDString = 790486861C95149B000AA27C;
			remoteInfo = HumHub;
		};
/* End PBXContainerItemProxy section */

/* Begin PBXFileReference section */
		790486871C95149B000AA27C /* HumHub.app */ = {isa = PBXFileReference; explicitFileType = wrapper.application; includeInIndex = 0; path = HumHub.app; sourceTree = BUILT_PRODUCTS_DIR; };
		7904868A1C95149B000AA27C /* AppDelegate.swift */ = {isa = PBXFileReference; lastKnownFileType = sourcecode.swift; path = AppDelegate.swift; sourceTree = "<group>"; };
		7904868C1C95149B000AA27C /* ViewController.swift */ = {isa = PBXFileReference; lastKnownFileType = sourcecode.swift; path = ViewController.swift; sourceTree = "<group>"; };
		7904868F1C95149B000AA27C /* Base */ = {isa = PBXFileReference; lastKnownFileType = file.storyboard; name = Base; path = Base.lproj/Main.storyboard; sourceTree = "<group>"; };
		790486911C95149B000AA27C /* Assets.xcassets */ = {isa = PBXFileReference; lastKnownFileType = folder.assetcatalog; path = Assets.xcassets; sourceTree = "<group>"; };
		790486941C95149B000AA27C /* Base */ = {isa = PBXFileReference; lastKnownFileType = file.storyboard; name = Base; path = Base.lproj/LaunchScreen.storyboard; sourceTree = "<group>"; };
		790486961C95149B000AA27C /* Info.plist */ = {isa = PBXFileReference; lastKnownFileType = text.plist.xml; path = Info.plist; sourceTree = "<group>"; };
		7904869B1C95149B000AA27C /* HumHubTests.xctest */ = {isa = PBXFileReference; explicitFileType = wrapper.cfbundle; includeInIndex = 0; path = HumHubTests.xctest; sourceTree = BUILT_PRODUCTS_DIR; };
		7904869F1C95149B000AA27C /* HumHubTests.swift */ = {isa = PBXFileReference; lastKnownFileType = sourcecode.swift; path = HumHubTests.swift; sourceTree = "<group>"; };
		790486A11C95149B000AA27C /* Info.plist */ = {isa = PBXFileReference; lastKnownFileType = text.plist.xml; path = Info.plist; sourceTree = "<group>"; };
		790486A61C95149B000AA27C /* HumHubUITests.xctest */ = {isa = PBXFileReference; explicitFileType = wrapper.cfbundle; includeInIndex = 0; path = HumHubUITests.xctest; sourceTree = BUILT_PRODUCTS_DIR; };
		790486AA1C95149B000AA27C /* HumHubUITests.swift */ = {isa = PBXFileReference; lastKnownFileType = sourcecode.swift; path = HumHubUITests.swift; sourceTree = "<group>"; };
		790486AC1C95149B000AA27C /* Info.plist */ = {isa = PBXFileReference; lastKnownFileType = text.plist.xml; path = Info.plist; sourceTree = "<group>"; };
/* End PBXFileReference section */

/* Begin PBXFrameworksBuildPhase section */
		790486841C95149B000AA27C /* Frameworks */ = {
			isa = PBXFrameworksBuildPhase;
			buildActionMask = 2147483647;
			files = (
			);
			runOnlyForDeploymentPostprocessing = 0;
		};
		790486981C95149B000AA27C /* Frameworks */ = {
			isa = PBXFrameworksBuildPhase;
			buildActionMask = 2147483647;
			files = (
			);
			runOnlyForDeploymentPostprocessing = 0;
		};
		790486A31C95149B000AA27C /* Frameworks */ = {
			isa = PBXFrameworksBuildPhase;
			buildActionMask = 2147483647;
			files = (
			);
			runOnlyForDeploymentPostprocessing = 0;
		};
/* End PBXFrameworksBuildPhase section */

/* Begin PBXGroup section */
		7904867E1C95149A000AA27C = {
			isa = PBXGroup;
			children = (
				790486891C95149B000AA27C /* HumHub */,
				7904869E1C95149B000AA27C /* HumHubTests */,
				790486A91C95149B000AA27C /* HumHubUITests */,
				790486881C95149B000AA27C /* Products */,
			);
			sourceTree = "<group>";
		};
		790486881C95149B000AA27C /* Products */ = {
			isa = PBXGroup;
			children = (
				790486871C95149B000AA27C /* HumHub.app */,
				7904869B1C95149B000AA27C /* HumHubTests.xctest */,
				790486A61C95149B000AA27C /* HumHubUITests.xctest */,
			);
			name = Products;
			sourceTree = "<group>";
		};
		790486891C95149B000AA27C /* HumHub */ = {
			isa = PBXGroup;
			children = (
				7904868A1C95149B000AA27C /* AppDelegate.swift */,
				7904868C1C95149B000AA27C /* ViewController.swift */,
				7904868E1C95149B000AA27C /* Main.storyboard */,
				790486911C95149B000AA27C /* Assets.xcassets */,
				790486931C95149B000AA27C /* LaunchScreen.storyboard */,
				790486961C95149B000AA27C /* Info.plist */,
			);
			path = HumHub;
			sourceTree = "<group>";
		};
		7904869E1C95149B000AA27C /* HumHubTests */ = {
			isa = PBXGroup;
			children = (
				7904869F1C95149B000AA27C /* HumHubTests.swift */,
				790486A11C95149B000AA27C /* Info.plist */,
			);
			path = HumHubTests;
			sourceTree = "<group>";
		};
		790486A91C95149B000AA27C /* HumHubUITests */ = {
			isa = PBXGroup;
			children = (
				790486AA1C95149B000AA27C /* HumHubUITests.swift */,
				790486AC1C95149B000AA27C /* Info.plist */,
			);
			path = HumHubUITests;
			sourceTree = "<group>";
		};
/* End PBXGroup section */

/* Begin PBXNativeTarget section */
		790486861C95149B000AA27C /* HumHub */ = {
			isa = PBXNativeTarget;
			buildConfigurationList = 790486AF1C95149B000AA27C /* Build configuration list for PBXNativeTarget "HumHub" */;
			buildPhases = (
				790486831C95149B000AA27C /* Sources */,
				790486841C95149B000AA27C /* Frameworks */,
				790486851C95149B000AA27C /* Resources */,
			);
			buildRules = (
			);
			dependencies = (
			);
			name = HumHub;
			productName = HumHub;
			productReference = 790486871C95149B000AA27C /* HumHub.app */;
			productType = "com.apple.product-type.application";
		};
		7904869A1C95149B000AA27C /* HumHubTests */ = {
			isa = PBXNativeTarget;
			buildConfigurationList = 790486B21C95149B000AA27C /* Build configuration list for PBXNativeTarget "HumHubTests" */;
			buildPhases = (
				790486971C95149B000AA27C /* Sources */,
				790486981C95149B000AA27C /* Frameworks */,
				790486991C95149B000AA27C /* Resources */,
			);
			buildRules = (
			);
			dependencies = (
				7904869D1C95149B000AA27C /* PBXTargetDependency */,
			);
			name = HumHubTests;
			productName = HumHubTests;
			productReference = 7904869B1C95149B000AA27C /* HumHubTests.xctest */;
			productType = "com.apple.product-type.bundle.unit-test";
		};
		790486A51C95149B000AA27C /* HumHubUITests */ = {
			isa = PBXNativeTarget;
			buildConfigurationList = 790486B51C95149B000AA27C /* Build configuration list for PBXNativeTarget "HumHubUITests" */;
			buildPhases = (
				790486A21C95149B000AA27C /* Sources */,
				790486A31C95149B000AA27C /* Frameworks */,
				790486A41C95149B000AA27C /* Resources */,
			);
			buildRules = (
			);
			dependencies = (
				790486A81C95149B000AA27C /* PBXTargetDependency */,
			);
			name = HumHubUITests;
			productName = HumHubUITests;
			productReference = 790486A61C95149B000AA27C /* HumHubUITests.xctest */;
			productType = "com.apple.product-type.bundle.ui-testing";
		};
/* End PBXNativeTarget section */

/* Begin PBXProject section */
		7904867F1C95149A000AA27C /* Project object */ = {
			isa = PBXProject;
			attributes = {
				LastSwiftUpdateCheck = 0720;
				LastUpgradeCheck = 0720;
				ORGANIZATIONNAME = Tink.ch;
				TargetAttributes = {
					790486861C95149B000AA27C = {
						CreatedOnToolsVersion = 7.2.1;
						DevelopmentTeam = XPJ3M27PNE;
					};
					7904869A1C95149B000AA27C = {
						CreatedOnToolsVersion = 7.2.1;
						TestTargetID = 790486861C95149B000AA27C;
					};
					790486A51C95149B000AA27C = {
						CreatedOnToolsVersion = 7.2.1;
						TestTargetID = 790486861C95149B000AA27C;
					};
				};
			};
			buildConfigurationList = 790486821C95149A000AA27C /* Build configuration list for PBXProject "HumHub" */;
			compatibilityVersion = "Xcode 3.2";
			developmentRegion = English;
			hasScannedForEncodings = 0;
			knownRegions = (
				en,
				Base,
			);
			mainGroup = 7904867E1C95149A000AA27C;
			productRefGroup = 790486881C95149B000AA27C /* Products */;
			projectDirPath = "";
			projectRoot = "";
			targets = (
				790486861C95149B000AA27C /* HumHub */,
				7904869A1C95149B000AA27C /* HumHubTests */,
				790486A51C95149B000AA27C /* HumHubUITests */,
			);
		};
/* End PBXProject section */

/* Begin PBXResourcesBuildPhase section */
		790486851C95149B000AA27C /* Resources */ = {
			isa = PBXResourcesBuildPhase;
			buildActionMask = 2147483647;
			files = (
				790486951C95149B000AA27C /* LaunchScreen.storyboard in Resources */,
				790486921C95149B000AA27C /* Assets.xcassets in Resources */,
				790486901C95149B000AA27C /* Main.storyboard in Resources */,
			);
			runOnlyForDeploymentPostprocessing = 0;
		};
		790486991C95149B000AA27C /* Resources */ = {
			isa = PBXResourcesBuildPhase;
			buildActionMask = 2147483647;
			files = (
			);
			runOnlyForDeploymentPostprocessing = 0;
		};
		790486A41C95149B000AA27C /* Resources */ = {
			isa = PBXResourcesBuildPhase;
			buildActionMask = 2147483647;
			files = (
			);
			runOnlyForDeploymentPostprocessing = 0;
		};
/* End PBXResourcesBuildPhase section */

/* Begin PBXSourcesBuildPhase section */
		790486831C95149B000AA27C /* Sources */ = {
			isa = PBXSourcesBuildPhase;
			buildActionMask = 2147483647;
			files = (
				7904868D1C95149B000AA27C /* ViewController.swift in Sources */,
				7904868B1C95149B000AA27C /* AppDelegate.swift in Sources */,
			);
			runOnlyForDeploymentPostprocessing = 0;
		};
		790486971C95149B000AA27C /* Sources */ = {
			isa = PBXSourcesBuildPhase;
			buildActionMask = 2147483647;
			files = (
				790486A01C95149B000AA27C /* HumHubTests.swift in Sources */,
			);
			runOnlyForDeploymentPostprocessing = 0;
		};
		790486A21C95149B000AA27C /* Sources */ = {
			isa = PBXSourcesBuildPhase;
			buildActionMask = 2147483647;
			files = (
				790486AB1C95149B000AA27C /* HumHubUITests.swift in Sources */,
			);
			runOnlyForDeploymentPostprocessing = 0;
		};
/* End PBXSourcesBuildPhase section */

/* Begin PBXTargetDependency section */
		7904869D1C95149B000AA27C /* PBXTargetDependency */ = {
			isa = PBXTargetDependency;
			target = 790486861C95149B000AA27C /* HumHub */;
			targetProxy = 7904869C1C95149B000AA27C /* PBXContainerItemProxy */;
		};
		790486A81C95149B000AA27C /* PBXTargetDependency */ = {
			isa = PBXTargetDependency;
			target = 790486861C95149B000AA27C /* HumHub */;
			targetProxy = 790486A71C95149B000AA27C /* PBXContainerItemProxy */;
		};
/* End PBXTargetDependency section */

/* Begin PBXVariantGroup section */
		7904868E1C95149B000AA27C /* Main.storyboard */ = {
			isa = PBXVariantGroup;
			children = (
				7904868F1C95149B000AA27C /* Base */,
			);
			name = Main.storyboard;
			sourceTree = "<group>";
		};
		790486931C95149B000AA27C /* LaunchScreen.storyboard */ = {
			isa = PBXVariantGroup;
			children = (
				790486941C95149B000AA27C /* Base */,
			);
			name = LaunchScreen.storyboard;
			sourceTree = "<group>";
		};
/* End PBXVariantGroup section */

/* Begin XCBuildConfiguration section */
		790486AD1C95149B000AA27C /* Debug */ = {
			isa = XCBuildConfiguration;
			buildSettings = {
				ALWAYS_SEARCH_USER_PATHS = NO;
				CLANG_CXX_LANGUAGE_STANDARD = "gnu++0x";
				CLANG_CXX_LIBRARY = "libc++";
				CLANG_ENABLE_MODULES = YES;
				CLANG_ENABLE_OBJC_ARC = YES;
				CLANG_WARN_BOOL_CONVERSION = YES;
				CLANG_WARN_CONSTANT_CONVERSION = YES;
				CLANG_WARN_DIRECT_OBJC_ISA_USAGE = YES_ERROR;
				CLANG_WARN_EMPTY_BODY = YES;
				CLANG_WARN_ENUM_CONVERSION = YES;
				CLANG_WARN_INT_CONVERSION = YES;
				CLANG_WARN_OBJC_ROOT_CLASS = YES_ERROR;
				CLANG_WARN_UNREACHABLE_CODE = YES;
				CLANG_WARN__DUPLICATE_METHOD_MATCH = YES;
				"CODE_SIGN_IDENTITY[sdk=iphoneos*]" = "iPhone Developer";
				COPY_PHASE_STRIP = NO;
				DEBUG_INFORMATION_FORMAT = dwarf;
				ENABLE_STRICT_OBJC_MSGSEND = YES;
				ENABLE_TESTABILITY = YES;
				GCC_C_LANGUAGE_STANDARD = gnu99;
				GCC_DYNAMIC_NO_PIC = NO;
				GCC_NO_COMMON_BLOCKS = YES;
				GCC_OPTIMIZATION_LEVEL = 0;
				GCC_PREPROCESSOR_DEFINITIONS = (
					"DEBUG=1",
					"$(inherited)",
				);
				GCC_WARN_64_TO_32_BIT_CONVERSION = YES;
				GCC_WARN_ABOUT_RETURN_TYPE = YES_ERROR;
				GCC_WARN_UNDECLARED_SELECTOR = YES;
				GCC_WARN_UNINITIALIZED_AUTOS = YES_AGGRESSIVE;
				GCC_WARN_UNUSED_FUNCTION = YES;
				GCC_WARN_UNUSED_VARIABLE = YES;
				IPHONEOS_DEPLOYMENT_TARGET = 9.2;
				MTL_ENABLE_DEBUG_INFO = YES;
				ONLY_ACTIVE_ARCH = YES;
				SDKROOT = iphoneos;
				SWIFT_OPTIMIZATION_LEVEL = "-Onone";
				TARGETED_DEVICE_FAMILY = "1,2";
			};
			name = Debug;
		};
		790486AE1C95149B000AA27C /* Release */ = {
			isa = XCBuildConfiguration;
			buildSettings = {
				ALWAYS_SEARCH_USER_PATHS = NO;
				CLANG_CXX_LANGUAGE_STANDARD = "gnu++0x";
				CLANG_CXX_LIBRARY = "libc++";
				CLANG_ENABLE_MODULES = YES;
				CLANG_ENABLE_OBJC_ARC = YES;
				CLANG_WARN_BOOL_CONVERSION = YES;
				CLANG_WARN_CONSTANT_CONVERSION = YES;
				CLANG_WARN_DIRECT_OBJC_ISA_USAGE = YES_ERROR;
				CLANG_WARN_EMPTY_BODY = YES;
				CLANG_WARN_ENUM_CONVERSION = YES;
				CLANG_WARN_INT_CONVERSION = YES;
				CLANG_WARN_OBJC_ROOT_CLASS = YES_ERROR;
				CLANG_WARN_UNREACHABLE_CODE = YES;
				CLANG_WARN__DUPLICATE_METHOD_MATCH = YES;
				"CODE_SIGN_IDENTITY[sdk=iphoneos*]" = "iPhone Developer";
				COPY_PHASE_STRIP = NO;
				DEBUG_INFORMATION_FORMAT = "dwarf-with-dsym";
				ENABLE_NS_ASSERTIONS = NO;
				ENABLE_STRICT_OBJC_MSGSEND = YES;
				GCC_C_LANGUAGE_STANDARD = gnu99;
				GCC_NO_COMMON_BLOCKS = YES;
				GCC_WARN_64_TO_32_BIT_CONVERSION = YES;
				GCC_WARN_ABOUT_RETURN_TYPE = YES_ERROR;
				GCC_WARN_UNDECLARED_SELECTOR = YES;
				GCC_WARN_UNINITIALIZED_AUTOS = YES_AGGRESSIVE;
				GCC_WARN_UNUSED_FUNCTION = YES;
				GCC_WARN_UNUSED_VARIABLE = YES;
				IPHONEOS_DEPLOYMENT_TARGET = 9.2;
				MTL_ENABLE_DEBUG_INFO = NO;
				SDKROOT = iphoneos;
				TARGETED_DEVICE_FAMILY = "1,2";
				VALIDATE_PRODUCT = YES;
			};
			name = Release;
		};
		790486B01C95149B000AA27C /* Debug */ = {
			isa = XCBuildConfiguration;
			buildSettings = {
				ASSETCATALOG_COMPILER_APPICON_NAME = AppIcon;
				CODE_SIGN_IDENTITY = "iPhone Developer";
				INFOPLIST_FILE = HumHub/Info.plist;
				LD_RUNPATH_SEARCH_PATHS = "$(inherited) @executable_path/Frameworks";
				PRODUCT_BUNDLE_IDENTIFIER = ch.tink.HumHub;
				PRODUCT_NAME = "$(TARGET_NAME)";
			};
			name = Debug;
		};
		790486B11C95149B000AA27C /* Release */ = {
			isa = XCBuildConfiguration;
			buildSettings = {
				ASSETCATALOG_COMPILER_APPICON_NAME = AppIcon;
				CODE_SIGN_IDENTITY = "iPhone Developer";
				INFOPLIST_FILE = HumHub/Info.plist;
				LD_RUNPATH_SEARCH_PATHS = "$(inherited) @executable_path/Frameworks";
				PRODUCT_BUNDLE_IDENTIFIER = ch.tink.HumHub;
				PRODUCT_NAME = "$(TARGET_NAME)";
			};
			name = Release;
		};
		790486B31C95149B000AA27C /* Debug */ = {
			isa = XCBuildConfiguration;
			buildSettings = {
				BUNDLE_LOADER = "$(TEST_HOST)";
				INFOPLIST_FILE = HumHubTests/Info.plist;
				LD_RUNPATH_SEARCH_PATHS = "$(inherited) @executable_path/Frameworks @loader_path/Frameworks";
				PRODUCT_BUNDLE_IDENTIFIER = ch.tink.HumHubTests;
				PRODUCT_NAME = "$(TARGET_NAME)";
				TEST_HOST = "$(BUILT_PRODUCTS_DIR)/HumHub.app/HumHub";
			};
			name = Debug;
		};
		790486B41C95149B000AA27C /* Release */ = {
			isa = XCBuildConfiguration;
			buildSettings = {
				BUNDLE_LOADER = "$(TEST_HOST)";
				INFOPLIST_FILE = HumHubTests/Info.plist;
				LD_RUNPATH_SEARCH_PATHS = "$(inherited) @executable_path/Frameworks @loader_path/Frameworks";
				PRODUCT_BUNDLE_IDENTIFIER = ch.tink.HumHubTests;
				PRODUCT_NAME = "$(TARGET_NAME)";
				TEST_HOST = "$(BUILT_PRODUCTS_DIR)/HumHub.app/HumHub";
			};
			name = Release;
		};
		790486B61C95149B000AA27C /* Debug */ = {
			isa = XCBuildConfiguration;
			buildSettings = {
				INFOPLIST_FILE = HumHubUITests/Info.plist;
				LD_RUNPATH_SEARCH_PATHS = "$(inherited) @executable_path/Frameworks @loader_path/Frameworks";
				PRODUCT_BUNDLE_IDENTIFIER = ch.tink.HumHubUITests;
				PRODUCT_NAME = "$(TARGET_NAME)";
				TEST_TARGET_NAME = HumHub;
				USES_XCTRUNNER = YES;
			};
			name = Debug;
		};
		790486B71C95149B000AA27C /* Release */ = {
			isa = XCBuildConfiguration;
			buildSettings = {
				INFOPLIST_FILE = HumHubUITests/Info.plist;
				LD_RUNPATH_SEARCH_PATHS = "$(inherited) @executable_path/Frameworks @loader_path/Frameworks";
				PRODUCT_BUNDLE_IDENTIFIER = ch.tink.HumHubUITests;
				PRODUCT_NAME = "$(TARGET_NAME)";
				TEST_TARGET_NAME = HumHub;
				USES_XCTRUNNER = YES;
			};
			name = Release;
		};
/* End XCBuildConfiguration section */

/* Begin XCConfigurationList section */
		790486821C95149A000AA27C /* Build configuration list for PBXProject "HumHub" */ = {
			isa = XCConfigurationList;
			buildConfigurations = (
				790486AD1C95149B000AA27C /* Debug */,
				790486AE1C95149B000AA27C /* Release */,
			);
			defaultConfigurationIsVisible = 0;
			defaultConfigurationName = Release;
		};
		790486AF1C95149B000AA27C /* Build configuration list for PBXNativeTarget "HumHub" */ = {
			isa = XCConfigurationList;
			buildConfigurations = (
				790486B01C95149B000AA27C /* Debug */,
				790486B11C95149B000AA27C /* Release */,
			);
			defaultConfigurationIsVisible = 0;
		};
		790486B21C95149B000AA27C /* Build configuration list for PBXNativeTarget "HumHubTests" */ = {
			isa = XCConfigurationList;
			buildConfigurations = (
				790486B31C95149B000AA27C /* Debug */,
				790486B41C95149B000AA27C /* Release */,
			);
			defaultConfigurationIsVisible = 0;
		};
		790486B51C95149B000AA27C /* Build configuration list for PBXNativeTarget "HumHubUITests" */ = {
			isa = XCConfigurationList;
			buildConfigurations = (
				790486B61C95149B000AA27C /* Debug */,
				790486B71C95149B000AA27C /* Release */,
			);
			defaultConfigurationIsVisible = 0;
		};
/* End XCConfigurationList section */
	};
	rootObject = 7904867F1C95149A000AA27C /* Project object */;
}
